
Microsoft Visual Studio Solution File, Format Version 12.00
# Visual Studio Version 16
VisualStudioVersion = 16.0.31205.134
MinimumVisualStudioVersion = 10.0.40219.1
Project("{9A19103F-16F7-4668-BE54-9A1E7A4F7556}") = "Containerized", "Containerized\Containerized.csproj", "{9C3166C3-D006-4B00-9699-5123C15E4E04}"
EndProject
Project("{2150E333-8FDC-42A3-9474-1A3956D46DE8}") = "src", "src", "{A6AA57FE-51E5-475A-BAD4-BA8BAEFED2D4}"
EndProject
Project("{2150E333-8FDC-42A3-9474-1A3956D46DE8}") = "WebApp", "WebApp", "{7FE75FEE-D62B-4F0E-AB2F-283527FD8FD7}"
EndProject
Project("{9A19103F-16F7-4668-BE54-9A1E7A4F7556}") = "WebApplication1", "WebApplication1\WebApplication1.csproj", "{3C943A39-EE34-454D-AD01-7D2231776274}"
EndProject
Project("{E53339B2-1760-4266-BCC7-CA923CBCF16C}") = "docker-compose", "docker-compose.dcproj", "{6036AFA2-B5E6-4556-B3C6-710B0A27EFF5}"
EndProject
Project("{2150E333-8FDC-42A3-9474-1A3956D46DE8}") = "WebAPI", "WebAPI", "{FF6BAA2E-1AF7-42B5-8705-5B9DF8F08073}"
EndProject
Project("{9A19103F-16F7-4668-BE54-9A1E7A4F7556}") = "APIs", "APIs\APIs.csproj", "{EF30C272-3768-4554-BDCF-3B560C859981}"
EndProject
Project("{9A19103F-16F7-4668-BE54-9A1E7A4F7556}") = "WebApplication2", "WebApplication2\WebApplication2.csproj", "{E64E3A46-DBB3-4005-9E7F-DC1AF55AFA4B}"
EndProject
Project("{FAE04EC0-301F-11D3-BF4B-00C04F79EFBC}") = "WebAPI2", "WebAPI2\WebAPI2.csproj", "{B7F5BEF1-B3F6-4C0F-BF9B-1EF81EEC8852}"
EndProject
Global
	GlobalSection(SolutionConfigurationPlatforms) = preSolution
		Debug|Any CPU = Debug|Any CPU
		Release|Any CPU = Release|Any CPU
	EndGlobalSection
	GlobalSection(ProjectConfigurationPlatforms) = postSolution
		{9C3166C3-D006-4B00-9699-5123C15E4E04}.Debug|Any CPU.ActiveCfg = Debug|Any CPU
		{9C3166C3-D006-4B00-9699-5123C15E4E04}.Debug|Any CPU.Build.0 = Debug|Any CPU
		{9C3166C3-D006-4B00-9699-5123C15E4E04}.Release|Any CPU.ActiveCfg = Release|Any CPU
		{9C3166C3-D006-4B00-9699-5123C15E4E04}.Release|Any CPU.Build.0 = Release|Any CPU
		{3C943A39-EE34-454D-AD01-7D2231776274}.Debug|Any CPU.ActiveCfg = Debug|Any CPU
		{3C943A39-EE34-454D-AD01-7D2231776274}.Debug|Any CPU.Build.0 = Debug|Any CPU
		{3C943A39-EE34-454D-AD01-7D2231776274}.Release|Any CPU.ActiveCfg = Release|Any CPU
		{3C943A39-EE34-454D-AD01-7D2231776274}.Release|Any CPU.Build.0 = Release|Any CPU
		{6036AFA2-B5E6-4556-B3C6-710B0A27EFF5}.Debug|Any CPU.ActiveCfg = Debug|Any CPU
		{6036AFA2-B5E6-4556-B3C6-710B0A27EFF5}.Debug|Any CPU.Build.0 = Debug|Any CPU
		{6036AFA2-B5E6-4556-B3C6-710B0A27EFF5}.Release|Any CPU.ActiveCfg = Release|Any CPU
		{6036AFA2-B5E6-4556-B3C6-710B0A27EFF5}.Release|Any CPU.Build.0 = Release|Any CPU
		{EF30C272-3768-4554-BDCF-3B560C859981}.Debug|Any CPU.ActiveCfg = Debug|Any CPU
		{EF30C272-3768-4554-BDCF-3B560C859981}.Debug|Any CPU.Build.0 = Debug|Any CPU
		{EF30C272-3768-4554-BDCF-3B560C859981}.Release|Any CPU.ActiveCfg = Release|Any CPU
		{EF30C272-3768-4554-BDCF-3B560C859981}.Release|Any CPU.Build.0 = Release|Any CPU
		{E64E3A46-DBB3-4005-9E7F-DC1AF55AFA4B}.Debug|Any CPU.ActiveCfg = Debug|Any CPU
		{E64E3A46-DBB3-4005-9E7F-DC1AF55AFA4B}.Debug|Any CPU.Build.0 = Debug|Any CPU
		{E64E3A46-DBB3-4005-9E7F-DC1AF55AFA4B}.Release|Any CPU.ActiveCfg = Release|Any CPU
		{E64E3A46-DBB3-4005-9E7F-DC1AF55AFA4B}.Release|Any CPU.Build.0 = Release|Any CPU
		{B7F5BEF1-B3F6-4C0F-BF9B-1EF81EEC8852}.Debug|Any CPU.ActiveCfg = Debug|Any CPU
		{B7F5BEF1-B3F6-4C0F-BF9B-1EF81EEC8852}.Debug|Any CPU.Build.0 = Debug|Any CPU
		{B7F5BEF1-B3F6-4C0F-BF9B-1EF81EEC8852}.Release|Any CPU.ActiveCfg = Release|Any CPU
		{B7F5BEF1-B3F6-4C0F-BF9B-1EF81EEC8852}.Release|Any CPU.Build.0 = Release|Any CPU
	EndGlobalSection
	GlobalSection(SolutionProperties) = preSolution
		HideSolutionNode = FALSE
	EndGlobalSection
	GlobalSection(NestedProjects) = preSolution
		{7FE75FEE-D62B-4F0E-AB2F-283527FD8FD7} = {A6AA57FE-51E5-475A-BAD4-BA8BAEFED2D4}
		{3C943A39-EE34-454D-AD01-7D2231776274} = {7FE75FEE-D62B-4F0E-AB2F-283527FD8FD7}
		{FF6BAA2E-1AF7-42B5-8705-5B9DF8F08073} = {A6AA57FE-51E5-475A-BAD4-BA8BAEFED2D4}
		{EF30C272-3768-4554-BDCF-3B560C859981} = {FF6BAA2E-1AF7-42B5-8705-5B9DF8F08073}
		{E64E3A46-DBB3-4005-9E7F-DC1AF55AFA4B} = {FF6BAA2E-1AF7-42B5-8705-5B9DF8F08073}
		{B7F5BEF1-B3F6-4C0F-BF9B-1EF81EEC8852} = {FF6BAA2E-1AF7-42B5-8705-5B9DF8F08073}
	EndGlobalSection
	GlobalSection(ExtensibilityGlobals) = postSolution
		SolutionGuid = {7F09A147-BA02-499F-A64D-1153323036FB}
	EndGlobalSection
EndGlobal
